
Microsoft Visual Studio Solution File, Format Version 12.00
# Visual Studio Version 16
VisualStudioVersion = 16.0.29609.76
MinimumVisualStudioVersion = 10.0.40219.1
Project("{FAE04EC0-301F-11D3-BF4B-00C04F79EFBC}") = "LexisDeedTrackerApp", "LexisDeedTrackerApp\LexisDeedTrackerApp.csproj", "{C51FE6F0-B4DB-4F5E-BDF8-6BE6BB3F02B8}"
EndProject
Project("{FAE04EC0-301F-11D3-BF4B-00C04F79EFBC}") = "LexisDeedTrackerDataAccess", "LexisDeedTrackerDataAccess\LexisDeedTrackerDataAccess.csproj", "{571EAEC4-0801-4603-BBBB-300C6F71696E}"
EndProject
Global
	GlobalSection(SolutionConfigurationPlatforms) = preSolution
		Debug|Any CPU = Debug|Any CPU
		Release|Any CPU = Release|Any CPU
	EndGlobalSection
	GlobalSection(ProjectConfigurationPlatforms) = postSolution
		{C51FE6F0-B4DB-4F5E-BDF8-6BE6BB3F02B8}.Debug|Any CPU.ActiveCfg = Debug|Any CPU
		{C51FE6F0-B4DB-4F5E-BDF8-6BE6BB3F02B8}.Debug|Any CPU.Build.0 = Debug|Any CPU
		{C51FE6F0-B4DB-4F5E-BDF8-6BE6BB3F02B8}.Release|Any CPU.ActiveCfg = Release|Any CPU
		{C51FE6F0-B4DB-4F5E-BDF8-6BE6BB3F02B8}.Release|Any CPU.Build.0 = Release|Any CPU
		{571EAEC4-0801-4603-BBBB-300C6F71696E}.Debug|Any CPU.ActiveCfg = Debug|Any CPU
		{571EAEC4-0801-4603-BBBB-300C6F71696E}.Debug|Any CPU.Build.0 = Debug|Any CPU
		{571EAEC4-0801-4603-BBBB-300C6F71696E}.Release|Any CPU.ActiveCfg = Release|Any CPU
		{571EAEC4-0801-4603-BBBB-300C6F71696E}.Release|Any CPU.Build.0 = Release|Any CPU
	EndGlobalSection
	GlobalSection(SolutionProperties) = preSolution
		HideSolutionNode = FALSE
	EndGlobalSection
	GlobalSection(ExtensibilityGlobals) = postSolution
		SolutionGuid = {36CC386F-CC0C-4B2C-9F38-B91408D87C16}
	EndGlobalSection
EndGlobal
